// !$*UTF8*$!
{
	archiveVersion = 1;
	classes = {
	};
	objectVersion = 50;
	objects = {

/* Begin PBXBuildFile section */
		BD17ECDF23FAF92A00A23A99 /* int extension.swift in Sources */ = {isa = PBXBuildFile; fileRef = BD17ECDE23FAF92A00A23A99 /* int extension.swift */; };
		BD17ECE123FB046200A23A99 /* Double Extension.swift in Sources */ = {isa = PBXBuildFile; fileRef = BD17ECE023FB046200A23A99 /* Double Extension.swift */; };
		BD17ECE323FB3CA100A23A99 /* float extension.swift in Sources */ = {isa = PBXBuildFile; fileRef = BD17ECE223FB3CA100A23A99 /* float extension.swift */; };
		BD403C0C23F75C30005B2CE9 /* Mobile.swift in Sources */ = {isa = PBXBuildFile; fileRef = BD403C0B23F75C30005B2CE9 /* Mobile.swift */; };
		BD403C0E23F7634D005B2CE9 /* internet.swift in Sources */ = {isa = PBXBuildFile; fileRef = BD403C0D23F7634D005B2CE9 /* internet.swift */; };
		BD403C1123F76A3B005B2CE9 /* customer.swift in Sources */ = {isa = PBXBuildFile; fileRef = BD403C1023F76A3B005B2CE9 /* customer.swift */; };
		BD403C1523F780E2005B2CE9 /* dateExtension.swift in Sources */ = {isa = PBXBuildFile; fileRef = BD403C1423F780E2005B2CE9 /* dateExtension.swift */; };
		BD8BB7DF23F663A300ED7BD0 /* main.swift in Sources */ = {isa = PBXBuildFile; fileRef = BD8BB7DE23F663A300ED7BD0 /* main.swift */; };
		BD8BB7E623F6656500ED7BD0 /* Bill.swift in Sources */ = {isa = PBXBuildFile; fileRef = BD8BB7E523F6656500ED7BD0 /* Bill.swift */; };
		BD8BB7E823F66A9D00ED7BD0 /* Hydro.swift in Sources */ = {isa = PBXBuildFile; fileRef = BD8BB7E723F66A9D00ED7BD0 /* Hydro.swift */; };
		BD8BB7EA23F66BEF00ED7BD0 /* IDisplay.swift in Sources */ = {isa = PBXBuildFile; fileRef = BD8BB7E923F66BEF00ED7BD0 /* IDisplay.swift */; };
/* End PBXBuildFile section */

/* Begin PBXCopyFilesBuildPhase section */
		BD8BB7D923F663A300ED7BD0 /* CopyFiles */ = {
			isa = PBXCopyFilesBuildPhase;
			buildActionMask = 2147483647;
			dstPath = /usr/share/man/man1/;
			dstSubfolderSpec = 0;
			files = (
			);
			runOnlyForDeploymentPostprocessing = 1;
		};
/* End PBXCopyFilesBuildPhase section */

/* Begin PBXFileReference section */
		BD17ECDE23FAF92A00A23A99 /* int extension.swift */ = {isa = PBXFileReference; lastKnownFileType = sourcecode.swift; path = "int extension.swift"; sourceTree = "<group>"; };
		BD17ECE023FB046200A23A99 /* Double Extension.swift */ = {isa = PBXFileReference; lastKnownFileType = sourcecode.swift; path = "Double Extension.swift"; sourceTree = "<group>"; };
		BD17ECE223FB3CA100A23A99 /* float extension.swift */ = {isa = PBXFileReference; lastKnownFileType = sourcecode.swift; path = "float extension.swift"; sourceTree = "<group>"; };
		BD403C0B23F75C30005B2CE9 /* Mobile.swift */ = {isa = PBXFileReference; lastKnownFileType = sourcecode.swift; path = Mobile.swift; sourceTree = "<group>"; };
		BD403C0D23F7634D005B2CE9 /* internet.swift */ = {isa = PBXFileReference; lastKnownFileType = sourcecode.swift; path = internet.swift; sourceTree = "<group>"; };
		BD403C1023F76A3B005B2CE9 /* customer.swift */ = {isa = PBXFileReference; lastKnownFileType = sourcecode.swift; path = customer.swift; sourceTree = "<group>"; };
		BD403C1423F780E2005B2CE9 /* dateExtension.swift */ = {isa = PBXFileReference; lastKnownFileType = sourcecode.swift; path = dateExtension.swift; sourceTree = "<group>"; };
		BD8BB7DB23F663A300ED7BD0 /* C0768706_W2020_MID_TERM_MAD3004 */ = {isa = PBXFileReference; explicitFileType = "compiled.mach-o.executable"; includeInIndex = 0; path = C0768706_W2020_MID_TERM_MAD3004; sourceTree = BUILT_PRODUCTS_DIR; };
		BD8BB7DE23F663A300ED7BD0 /* main.swift */ = {isa = PBXFileReference; lastKnownFileType = sourcecode.swift; path = main.swift; sourceTree = "<group>"; };
		BD8BB7E523F6656500ED7BD0 /* Bill.swift */ = {isa = PBXFileReference; lastKnownFileType = sourcecode.swift; path = Bill.swift; sourceTree = "<group>"; };
		BD8BB7E723F66A9D00ED7BD0 /* Hydro.swift */ = {isa = PBXFileReference; lastKnownFileType = sourcecode.swift; path = Hydro.swift; sourceTree = "<group>"; };
		BD8BB7E923F66BEF00ED7BD0 /* IDisplay.swift */ = {isa = PBXFileReference; lastKnownFileType = sourcecode.swift; path = IDisplay.swift; sourceTree = "<group>"; };
/* End PBXFileReference section */

/* Begin PBXFrameworksBuildPhase section */
		BD8BB7D823F663A300ED7BD0 /* Frameworks */ = {
			isa = PBXFrameworksBuildPhase;
			buildActionMask = 2147483647;
			files = (
			);
			runOnlyForDeploymentPostprocessing = 0;
		};
/* End PBXFrameworksBuildPhase section */

/* Begin PBXGroup section */
		BD553A9F23F7A10B00EF8E49 /* protocol */ = {
			isa = PBXGroup;
			children = (
				BD8BB7E923F66BEF00ED7BD0 /* IDisplay.swift */,
			);
			path = protocol;
			sourceTree = "<group>";
		};
		BD553AA023F7A13600EF8E49 /* extension */ = {
			isa = PBXGroup;
			children = (
				BD403C1423F780E2005B2CE9 /* dateExtension.swift */,
				BD17ECDE23FAF92A00A23A99 /* int extension.swift */,
				BD17ECE023FB046200A23A99 /* Double Extension.swift */,
				BD17ECE223FB3CA100A23A99 /* float extension.swift */,
			);
			path = extension;
			sourceTree = "<group>";
		};
		BD8BB7D223F663A300ED7BD0 = {
			isa = PBXGroup;
			children = (
				BD8BB7DD23F663A300ED7BD0 /* C0768706_W2020_MID_TERM_MAD3004 */,
				BD8BB7DC23F663A300ED7BD0 /* Products */,
			);
			sourceTree = "<group>";
		};
		BD8BB7DC23F663A300ED7BD0 /* Products */ = {
			isa = PBXGroup;
			children = (
				BD8BB7DB23F663A300ED7BD0 /* C0768706_W2020_MID_TERM_MAD3004 */,
			);
			name = Products;
			sourceTree = "<group>";
		};
		BD8BB7DD23F663A300ED7BD0 /* C0768706_W2020_MID_TERM_MAD3004 */ = {
			isa = PBXGroup;
			children = (
				BD553AA023F7A13600EF8E49 /* extension */,
				BD553A9F23F7A10B00EF8E49 /* protocol */,
				BD8BB7DE23F663A300ED7BD0 /* main.swift */,
				BD8BB7E523F6656500ED7BD0 /* Bill.swift */,
				BD8BB7E723F66A9D00ED7BD0 /* Hydro.swift */,
				BD403C0B23F75C30005B2CE9 /* Mobile.swift */,
				BD403C0D23F7634D005B2CE9 /* internet.swift */,
				BD403C1023F76A3B005B2CE9 /* customer.swift */,
			);
			path = C0768706_W2020_MID_TERM_MAD3004;
			sourceTree = "<group>";
		};
/* End PBXGroup section */

/* Begin PBXNativeTarget section */
		BD8BB7DA23F663A300ED7BD0 /* C0768706_W2020_MID_TERM_MAD3004 */ = {
			isa = PBXNativeTarget;
			buildConfigurationList = BD8BB7E223F663A300ED7BD0 /* Build configuration list for PBXNativeTarget "C0768706_W2020_MID_TERM_MAD3004" */;
			buildPhases = (
				BD8BB7D723F663A300ED7BD0 /* Sources */,
				BD8BB7D823F663A300ED7BD0 /* Frameworks */,
				BD8BB7D923F663A300ED7BD0 /* CopyFiles */,
			);
			buildRules = (
			);
			dependencies = (
			);
			name = C0768706_W2020_MID_TERM_MAD3004;
			productName = C0768706_W2020_MID_TERM_MAD3004;
			productReference = BD8BB7DB23F663A300ED7BD0 /* C0768706_W2020_MID_TERM_MAD3004 */;
			productType = "com.apple.product-type.tool";
		};
/* End PBXNativeTarget section */

/* Begin PBXProject section */
		BD8BB7D323F663A300ED7BD0 /* Project object */ = {
			isa = PBXProject;
			attributes = {
				LastSwiftUpdateCheck = 1130;
				LastUpgradeCheck = 1130;
				ORGANIZATIONNAME = "MANBEER KAUR";
				TargetAttributes = {
					BD8BB7DA23F663A300ED7BD0 = {
						CreatedOnToolsVersion = 11.3.1;
					};
				};
			};
			buildConfigurationList = BD8BB7D623F663A300ED7BD0 /* Build configuration list for PBXProject "C0768706_W2020_MID_TERM_MAD3004" */;
			compatibilityVersion = "Xcode 9.3";
			developmentRegion = en;
			hasScannedForEncodings = 0;
			knownRegions = (
				en,
				Base,
			);
			mainGroup = BD8BB7D223F663A300ED7BD0;
			productRefGroup = BD8BB7DC23F663A300ED7BD0 /* Products */;
			projectDirPath = "";
			projectRoot = "";
			targets = (
				BD8BB7DA23F663A300ED7BD0 /* C0768706_W2020_MID_TERM_MAD3004 */,
			);
		};
/* End PBXProject section */

/* Begin PBXSourcesBuildPhase section */
		BD8BB7D723F663A300ED7BD0 /* Sources */ = {
			isa = PBXSourcesBuildPhase;
			buildActionMask = 2147483647;
			files = (
				BD403C0C23F75C30005B2CE9 /* Mobile.swift in Sources */,
				BD403C1523F780E2005B2CE9 /* dateExtension.swift in Sources */,
				BD8BB7EA23F66BEF00ED7BD0 /* IDisplay.swift in Sources */,
				BD403C1123F76A3B005B2CE9 /* customer.swift in Sources */,
				BD403C0E23F7634D005B2CE9 /* internet.swift in Sources */,
				BD17ECE323FB3CA100A23A99 /* float extension.swift in Sources */,
				BD17ECE123FB046200A23A99 /* Double Extension.swift in Sources */,
				BD8BB7E623F6656500ED7BD0 /* Bill.swift in Sources */,
				BD8BB7E823F66A9D00ED7BD0 /* Hydro.swift in Sources */,
				BD8BB7DF23F663A300ED7BD0 /* main.swift in Sources */,
				BD17ECDF23FAF92A00A23A99 /* int extension.swift in Sources */,
			);
			runOnlyForDeploymentPostprocessing = 0;
		};
/* End PBXSourcesBuildPhase section */

/* Begin XCBuildConfiguration section */
		BD8BB7E023F663A300ED7BD0 /* Debug */ = {
			isa = XCBuildConfiguration;
			buildSettings = {
				ALWAYS_SEARCH_USER_PATHS = NO;
				CLANG_ANALYZER_NONNULL = YES;
				CLANG_ANALYZER_NUMBER_OBJECT_CONVERSION = YES_AGGRESSIVE;
				CLANG_CXX_LANGUAGE_STANDARD = "gnu++14";
				CLANG_CXX_LIBRARY = "libc++";
				CLANG_ENABLE_MODULES = YES;
				CLANG_ENABLE_OBJC_ARC = YES;
				CLANG_ENABLE_OBJC_WEAK = YES;
				CLANG_WARN_BLOCK_CAPTURE_AUTORELEASING = YES;
				CLANG_WARN_BOOL_CONVERSION = YES;
				CLANG_WARN_COMMA = YES;
				CLANG_WARN_CONSTANT_CONVERSION = YES;
				CLANG_WARN_DEPRECATED_OBJC_IMPLEMENTATIONS = YES;
				CLANG_WARN_DIRECT_OBJC_ISA_USAGE = YES_ERROR;
				CLANG_WARN_DOCUMENTATION_COMMENTS = YES;
				CLANG_WARN_EMPTY_BODY = YES;
				CLANG_WARN_ENUM_CONVERSION = YES;
				CLANG_WARN_INFINITE_RECURSION = YES;
				CLANG_WARN_INT_CONVERSION = YES;
				CLANG_WARN_NON_LITERAL_NULL_CONVERSION = YES;
				CLANG_WARN_OBJC_IMPLICIT_RETAIN_SELF = YES;
				CLANG_WARN_OBJC_LITERAL_CONVERSION = YES;
				CLANG_WARN_OBJC_ROOT_CLASS = YES_ERROR;
				CLANG_WARN_RANGE_LOOP_ANALYSIS = YES;
				CLANG_WARN_STRICT_PROTOTYPES = YES;
				CLANG_WARN_SUSPICIOUS_MOVE = YES;
				CLANG_WARN_UNGUARDED_AVAILABILITY = YES_AGGRESSIVE;
				CLANG_WARN_UNREACHABLE_CODE = YES;
				CLANG_WARN__DUPLICATE_METHOD_MATCH = YES;
				COPY_PHASE_STRIP = NO;
				DEBUG_INFORMATION_FORMAT = dwarf;
				ENABLE_STRICT_OBJC_MSGSEND = YES;
				ENABLE_TESTABILITY = YES;
				GCC_C_LANGUAGE_STANDARD = gnu11;
				GCC_DYNAMIC_NO_PIC = NO;
				GCC_NO_COMMON_BLOCKS = YES;
				GCC_OPTIMIZATION_LEVEL = 0;
				GCC_PREPROCESSOR_DEFINITIONS = (
					"DEBUG=1",
					"$(inherited)",
				);
				GCC_WARN_64_TO_32_BIT_CONVERSION = YES;
				GCC_WARN_ABOUT_RETURN_TYPE = YES_ERROR;
				GCC_WARN_UNDECLARED_SELECTOR = YES;
				GCC_WARN_UNINITIALIZED_AUTOS = YES_AGGRESSIVE;
				GCC_WARN_UNUSED_FUNCTION = YES;
				GCC_WARN_UNUSED_VARIABLE = YES;
				MACOSX_DEPLOYMENT_TARGET = 10.15;
				MTL_ENABLE_DEBUG_INFO = INCLUDE_SOURCE;
				MTL_FAST_MATH = YES;
				ONLY_ACTIVE_ARCH = YES;
				SDKROOT = macosx;
				SWIFT_ACTIVE_COMPILATION_CONDITIONS = DEBUG;
				SWIFT_OPTIMIZATION_LEVEL = "-Onone";
			};
			name = Debug;
		};
		BD8BB7E123F663A300ED7BD0 /* Release */ = {
			isa = XCBuildConfiguration;
			buildSettings = {
				ALWAYS_SEARCH_USER_PATHS = NO;
				CLANG_ANALYZER_NONNULL = YES;
				CLANG_ANALYZER_NUMBER_OBJECT_CONVERSION = YES_AGGRESSIVE;
				CLANG_CXX_LANGUAGE_STANDARD = "gnu++14";
				CLANG_CXX_LIBRARY = "libc++";
				CLANG_ENABLE_MODULES = YES;
				CLANG_ENABLE_OBJC_ARC = YES;
				CLANG_ENABLE_OBJC_WEAK = YES;
				CLANG_WARN_BLOCK_CAPTURE_AUTORELEASING = YES;
				CLANG_WARN_BOOL_CONVERSION = YES;
				CLANG_WARN_COMMA = YES;
				CLANG_WARN_CONSTANT_CONVERSION = YES;
				CLANG_WARN_DEPRECATED_OBJC_IMPLEMENTATIONS = YES;
				CLANG_WARN_DIRECT_OBJC_ISA_USAGE = YES_ERROR;
				CLANG_WARN_DOCUMENTATION_COMMENTS = YES;
				CLANG_WARN_EMPTY_BODY = YES;
				CLANG_WARN_ENUM_CONVERSION = YES;
				CLANG_WARN_INFINITE_RECURSION = YES;
				CLANG_WARN_INT_CONVERSION = YES;
				CLANG_WARN_NON_LITERAL_NULL_CONVERSION = YES;
				CLANG_WARN_OBJC_IMPLICIT_RETAIN_SELF = YES;
				CLANG_WARN_OBJC_LITERAL_CONVERSION = YES;
				CLANG_WARN_OBJC_ROOT_CLASS = YES_ERROR;
				CLANG_WARN_RANGE_LOOP_ANALYSIS = YES;
				CLANG_WARN_STRICT_PROTOTYPES = YES;
				CLANG_WARN_SUSPICIOUS_MOVE = YES;
				CLANG_WARN_UNGUARDED_AVAILABILITY = YES_AGGRESSIVE;
				CLANG_WARN_UNREACHABLE_CODE = YES;
				CLANG_WARN__DUPLICATE_METHOD_MATCH = YES;
				COPY_PHASE_STRIP = NO;
				DEBUG_INFORMATION_FORMAT = "dwarf-with-dsym";
				ENABLE_NS_ASSERTIONS = NO;
				ENABLE_STRICT_OBJC_MSGSEND = YES;
				GCC_C_LANGUAGE_STANDARD = gnu11;
				GCC_NO_COMMON_BLOCKS = YES;
				GCC_WARN_64_TO_32_BIT_CONVERSION = YES;
				GCC_WARN_ABOUT_RETURN_TYPE = YES_ERROR;
				GCC_WARN_UNDECLARED_SELECTOR = YES;
				GCC_WARN_UNINITIALIZED_AUTOS = YES_AGGRESSIVE;
				GCC_WARN_UNUSED_FUNCTION = YES;
				GCC_WARN_UNUSED_VARIABLE = YES;
				MACOSX_DEPLOYMENT_TARGET = 10.15;
				MTL_ENABLE_DEBUG_INFO = NO;
				MTL_FAST_MATH = YES;
				SDKROOT = macosx;
				SWIFT_COMPILATION_MODE = wholemodule;
				SWIFT_OPTIMIZATION_LEVEL = "-O";
			};
			name = Release;
		};
		BD8BB7E323F663A300ED7BD0 /* Debug */ = {
			isa = XCBuildConfiguration;
			buildSettings = {
				CODE_SIGN_STYLE = Automatic;
				DEVELOPMENT_TEAM = 3888H8BQ3Q;
				ENABLE_HARDENED_RUNTIME = YES;
				PRODUCT_NAME = "$(TARGET_NAME)";
				SWIFT_VERSION = 5.0;
			};
			name = Debug;
		};
		BD8BB7E423F663A300ED7BD0 /* Release */ = {
			isa = XCBuildConfiguration;
			buildSettings = {
				CODE_SIGN_STYLE = Automatic;
				DEVELOPMENT_TEAM = 3888H8BQ3Q;
				ENABLE_HARDENED_RUNTIME = YES;
				PRODUCT_NAME = "$(TARGET_NAME)";
				SWIFT_VERSION = 5.0;
			};
			name = Release;
		};
/* End XCBuildConfiguration section */

/* Begin XCConfigurationList section */
		BD8BB7D623F663A300ED7BD0 /* Build configuration list for PBXProject "C0768706_W2020_MID_TERM_MAD3004" */ = {
			isa = XCConfigurationList;
			buildConfigurations = (
				BD8BB7E023F663A300ED7BD0 /* Debug */,
				BD8BB7E123F663A300ED7BD0 /* Release */,
			);
			defaultConfigurationIsVisible = 0;
			defaultConfigurationName = Release;
		};
		BD8BB7E223F663A300ED7BD0 /* Build configuration list for PBXNativeTarget "C0768706_W2020_MID_TERM_MAD3004" */ = {
			isa = XCConfigurationList;
			buildConfigurations = (
				BD8BB7E323F663A300ED7BD0 /* Debug */,
				BD8BB7E423F663A300ED7BD0 /* Release */,
			);
			defaultConfigurationIsVisible = 0;
			defaultConfigurationName = Release;
		};
/* End XCConfigurationList section */
	};
	rootObject = BD8BB7D323F663A300ED7BD0 /* Project object */;
}
